
Microsoft Visual Studio Solution File, Format Version 12.00
# Visual Studio Version 17
VisualStudioVersion = 17.6.33801.468
MinimumVisualStudioVersion = 10.0.40219.1
Project("{FAE04EC0-301F-11D3-BF4B-00C04F79EFBC}") = "UnitTestProject", "UnitTestProject.csproj", "{A91BA2BD-31FB-4CDF-A86C-0D1E8265EE51}"
EndProject
Project("{FAE04EC0-301F-11D3-BF4B-00C04F79EFBC}") = "TestProject1", "..\TestProject1\TestProject1.csproj", "{DECBBA40-E33F-4B1C-A9A1-6EA506EA6930}"
EndProject
Global
	GlobalSection(SolutionConfigurationPlatforms) = preSolution
		Debug|Any CPU = Debug|Any CPU
		Release|Any CPU = Release|Any CPU
	EndGlobalSection
	GlobalSection(ProjectConfigurationPlatforms) = postSolution
		{A91BA2BD-31FB-4CDF-A86C-0D1E8265EE51}.Debug|Any CPU.ActiveCfg = Debug|Any CPU
		{A91BA2BD-31FB-4CDF-A86C-0D1E8265EE51}.Debug|Any CPU.Build.0 = Debug|Any CPU
		{A91BA2BD-31FB-4CDF-A86C-0D1E8265EE51}.Release|Any CPU.ActiveCfg = Release|Any CPU
		{A91BA2BD-31FB-4CDF-A86C-0D1E8265EE51}.Release|Any CPU.Build.0 = Release|Any CPU
		{DECBBA40-E33F-4B1C-A9A1-6EA506EA6930}.Debug|Any CPU.ActiveCfg = Debug|Any CPU
		{DECBBA40-E33F-4B1C-A9A1-6EA506EA6930}.Debug|Any CPU.Build.0 = Debug|Any CPU
		{DECBBA40-E33F-4B1C-A9A1-6EA506EA6930}.Release|Any CPU.ActiveCfg = Release|Any CPU
		{DECBBA40-E33F-4B1C-A9A1-6EA506EA6930}.Release|Any CPU.Build.0 = Release|Any CPU
	EndGlobalSection
	GlobalSection(SolutionProperties) = preSolution
		HideSolutionNode = FALSE
	EndGlobalSection
	GlobalSection(ExtensibilityGlobals) = postSolution
		SolutionGuid = {6475ADCE-CDA4-4C86-82F9-456365DA730F}
	EndGlobalSection
EndGlobal
